{
  "requires": true,
  "lockfileVersion": 1,
  "dependencies": {
    "@pnotify/animate": {
      "version": "5.1.2",
      "resolved": "https://registry.npmjs.org/@pnotify/animate/-/animate-5.1.2.tgz",
      "integrity": "sha512-ef8pBSKumVmHojC5i+FTZcZigo9i/vmixPaLiFWgNZv3/7EC8XB8uMMA8FtqmepiLWN0cQMJjzv1DcjSPL8GDg==",
      "requires": {
        "@pnotify/core": "^5.1.2"
      }
    },
    "@pnotify/bootstrap3": {
      "version": "5.1.2",
      "resolved": "https://registry.npmjs.org/@pnotify/bootstrap3/-/bootstrap3-5.1.2.tgz",
      "integrity": "sha512-Ag1ZbSbrmjMM+ybEfDETIdgBZUlperWuFXLtHMK7yJqa1dJ/Gd25rBRyphIgbsdQ5U3cm6aMCfSd6duEekQYWw==",
      "requires": {
        "@pnotify/core": "^5.1.2"
      }
    },
    "@pnotify/bootstrap4": {
      "version": "5.1.2",
      "resolved": "https://registry.npmjs.org/@pnotify/bootstrap4/-/bootstrap4-5.1.2.tgz",
      "integrity": "sha512-B4HYrV0Cm6Xbgjckwp5EhEsPkuTNv1pilO3JrGSpFfJwabrWX/tfZZXRT3efko1mcXVOzISBzxi2VncoRfz1Uw==",
      "requires": {
        "@pnotify/core": "^5.1.2"
      }
    },
    "@pnotify/confirm": {
      "version": "5.1.2",
      "resolved": "https://registry.npmjs.org/@pnotify/confirm/-/confirm-5.1.2.tgz",
      "integrity": "sha512-eYRXpeY4/eq2dh9aiCS1ApLiKK4bshOTx/QSSbtNbJ3sf5k/1W4CyE9MRxFJVWYVKW08/f43qjC7GCpcmxAqcQ==",
      "requires": {
        "@pnotify/core": "^5.1.2"
      }
    },
    "@pnotify/core": {
      "version": "5.1.2",
      "resolved": "https://registry.npmjs.org/@pnotify/core/-/core-5.1.2.tgz",
      "integrity": "sha512-YMy9lQUkwzjIiRS+CjwrsyaQF4MzzX5HGIlZnAIfRnmPRKOfE0oR9UAN+v6ZM476T7jo3DVt2XYu/PVveBG7PQ=="
    },
    "@pnotify/countdown": {
      "version": "5.1.2",
      "resolved": "https://registry.npmjs.org/@pnotify/countdown/-/countdown-5.1.2.tgz",
      "integrity": "sha512-BlzqCZV8nFJzfYCvf3f8PQgOMv8YxulVmCWgwwHPE2QX7zpJFPduG/eXfhjHcWn6mZz3ZwJ0xAvMhf4YnLX9HA==",
      "requires": {
        "@pnotify/core": "^5.1.2"
      }
    },
    "@pnotify/desktop": {
      "version": "5.1.2",
      "resolved": "https://registry.npmjs.org/@pnotify/desktop/-/desktop-5.1.2.tgz",
      "integrity": "sha512-L5mDBNWBehq6+DCfygqT8u4LNGKHcllmwrIcet0qfeHnNG9A786LsJfsAOemZue4Q6+frAQ37J8LUd65Km+ANw==",
      "requires": {
        "@pnotify/core": "^5.1.2"
      }
    },
    "@pnotify/font-awesome4": {
      "version": "5.1.2",
      "resolved": "https://registry.npmjs.org/@pnotify/font-awesome4/-/font-awesome4-5.1.2.tgz",
      "integrity": "sha512-Gl4dh0OQT8WhAEcNEvjLVVsuh7t6nu4YqJm5t1810o2vLEm7xkiQLvm6+haE0sNqHDwy0iAQAnOd9nO/AYd8iw==",
      "requires": {
        "@pnotify/core": "^5.1.2"
      }
    },
    "@pnotify/font-awesome5": {
      "version": "5.1.2",
      "resolved": "https://registry.npmjs.org/@pnotify/font-awesome5/-/font-awesome5-5.1.2.tgz",
      "integrity": "sha512-CrXQmkDYpnSt3Cj+fxRbGxijfNJSJSjDw0pUlfl6ueH9VnW9MkF5s1V+n1fomZMN5tcfR6NoDCHw3n4YBmZOpA==",
      "requires": {
        "@pnotify/core": "^5.1.2"
      }
    },
    "@pnotify/font-awesome5-fix": {
      "version": "5.1.2",
      "resolved": "https://registry.npmjs.org/@pnotify/font-awesome5-fix/-/font-awesome5-fix-5.1.2.tgz",
      "integrity": "sha512-owDGowGu67ms+3hwvabj6TVZj07wHL1YZd/j6el6SlIzkpo1cb0J9XuhHDwEi2Qk2eBBHLCLY6p1i/zdmutc9Q==",
      "requires": {
        "@pnotify/core": "^5.1.2"
      }
    },
    "@pnotify/glyphicon": {
      "version": "5.1.2",
      "resolved": "https://registry.npmjs.org/@pnotify/glyphicon/-/glyphicon-5.1.2.tgz",
      "integrity": "sha512-eOpVFf+ZvgEiLe8C6YCokpF5T/9+2T7pYotadmf9rdHuQugZU6N/7XZg9cY/Nln/nup8QstJCI1GPgKR9wiNpg==",
      "requires": {
        "@pnotify/core": "^5.1.2"
      }
    },
    "@pnotify/mobile": {
      "version": "5.1.2",
      "resolved": "https://registry.npmjs.org/@pnotify/mobile/-/mobile-5.1.2.tgz",
      "integrity": "sha512-CYQmQ2TTYa7Husv4WxWrACrvky/X/t2bzFYxVbixGHGY2SeFWJrFtwXq8sAFVml2TeqEf/tM/mQmvKM8PT/NTQ==",
      "requires": {
        "@pnotify/core": "^5.1.2"
      }
    },
    "@pnotify/reference": {
      "version": "5.1.2",
      "resolved": "https://registry.npmjs.org/@pnotify/reference/-/reference-5.1.2.tgz",
      "integrity": "sha512-54GDtUXbTTMWnW6qmp/zPfoz8F6UWcCs8zh7jXPhdcWrrhrEIiWy2PJuRmUvq1S9vH43zcfaWFZ5r4apl4iypg==",
      "requires": {
        "@pnotify/core": "^5.1.2"
      }
    },
    "basiclightbox": {
      "version": "5.0.3",
      "resolved": "https://registry.npmjs.org/basiclightbox/-/basiclightbox-5.0.3.tgz",
      "integrity": "sha512-COJH2kwhXJrOD3FH+aF25SKykH5PwDNng1U2QpKfZgGjaUI3O2ExB3tsXphrDo4tSfAuCn5jSKCq7DNp4iHQlQ=="
    },
    "material-design-icons": {
      "version": "3.0.1",
      "resolved": "https://registry.npmjs.org/material-design-icons/-/material-design-icons-3.0.1.tgz",
      "integrity": "sha1-mnHEh0chjrylHlGmbaaCA4zct78="
    },
    "pnotify": {
      "version": "5.1.2",
      "resolved": "https://registry.npmjs.org/pnotify/-/pnotify-5.1.2.tgz",
      "integrity": "sha512-CNKKVuu8BHx/4VVamxYoEzMROywF2jIifK/gwcRQch7BZk0xIvuncq3YWqN0nf8OHxuDdw7iVDr4sFcp/8akHA==",
      "requires": {
        "@pnotify/animate": "5.1.2",
        "@pnotify/bootstrap3": "5.1.2",
        "@pnotify/bootstrap4": "5.1.2",
        "@pnotify/confirm": "5.1.2",
        "@pnotify/core": "5.1.2",
        "@pnotify/countdown": "5.1.2",
        "@pnotify/desktop": "5.1.2",
        "@pnotify/font-awesome4": "5.1.2",
        "@pnotify/font-awesome5": "5.1.2",
        "@pnotify/font-awesome5-fix": "5.1.2",
        "@pnotify/glyphicon": "5.1.2",
        "@pnotify/mobile": "5.1.2",
        "@pnotify/reference": "5.1.2"
      }
    }
  }
}
